
Microsoft Visual Studio Solution File, Format Version 12.00
# Visual Studio 15
VisualStudioVersion = 15.0.27130.2036
MinimumVisualStudioVersion = 10.0.40219.1
Project("{9A19103F-16F7-4668-BE54-9A1E7A4F7556}") = "Seac.WebDeleghe.Core", "Seac.WebDeleghe.Core\Seac.WebDeleghe.Core.csproj", "{487FCD0E-FA08-491E-B263-E492A1E3EFCC}"
EndProject
Project("{9A19103F-16F7-4668-BE54-9A1E7A4F7556}") = "Seac.WebDeleghe.Data", "Seac.WebDeleghe.Data\Seac.WebDeleghe.Data.csproj", "{893ECC50-24CE-4E84-BAFB-7682B1220414}"
EndProject
Project("{9A19103F-16F7-4668-BE54-9A1E7A4F7556}") = "Seac.WebDeleghe.Domain", "Seac.WebDeleghe.Domain\Seac.WebDeleghe.Domain.csproj", "{198B9B2D-8EF7-42CF-87BD-863CB179587E}"
EndProject
Project("{9A19103F-16F7-4668-BE54-9A1E7A4F7556}") = "Seac.WebDeleghe.Business", "Seac.WebDeleghe.Business\Seac.WebDeleghe.Business.csproj", "{A4F19838-ABCD-45CC-B478-BFC4AE3A6AC4}"
EndProject
Project("{9A19103F-16F7-4668-BE54-9A1E7A4F7556}") = "Seac.WebDeleghe.Web", "Seac.WebDeleghe.Web\Seac.WebDeleghe.Web.csproj", "{7D0CDDDF-0964-490D-83DB-AF68D458DB72}"
EndProject
Project("{9A19103F-16F7-4668-BE54-9A1E7A4F7556}") = "Seac.WebDeleghe.Auth", "Seac.WebDeleghe.Auth\Seac.WebDeleghe.Auth.csproj", "{796259DE-CD3E-4A3B-8D1F-138C09C76FD9}"
EndProject
Project("{2150E333-8FDC-42A3-9474-1A3956D46DE8}") = "Tests", "Tests", "{37629780-001E-4C91-A462-0D9C83E46C3F}"
EndProject
Project("{FAE04EC0-301F-11D3-BF4B-00C04F79EFBC}") = "Seac.WebDeleghe.Business.Tests", "Tests\Seac.WebDeleghe.Business.Tests\Seac.WebDeleghe.Business.Tests.csproj", "{E244FDA2-99C2-456A-BC98-FDB067A5C2E2}"
EndProject
Global
	GlobalSection(SolutionConfigurationPlatforms) = preSolution
		Debug|Any CPU = Debug|Any CPU
		Release|Any CPU = Release|Any CPU
	EndGlobalSection
	GlobalSection(ProjectConfigurationPlatforms) = postSolution
		{487FCD0E-FA08-491E-B263-E492A1E3EFCC}.Debug|Any CPU.ActiveCfg = Debug|Any CPU
		{487FCD0E-FA08-491E-B263-E492A1E3EFCC}.Debug|Any CPU.Build.0 = Debug|Any CPU
		{487FCD0E-FA08-491E-B263-E492A1E3EFCC}.Release|Any CPU.ActiveCfg = Release|Any CPU
		{487FCD0E-FA08-491E-B263-E492A1E3EFCC}.Release|Any CPU.Build.0 = Release|Any CPU
		{893ECC50-24CE-4E84-BAFB-7682B1220414}.Debug|Any CPU.ActiveCfg = Debug|Any CPU
		{893ECC50-24CE-4E84-BAFB-7682B1220414}.Debug|Any CPU.Build.0 = Debug|Any CPU
		{893ECC50-24CE-4E84-BAFB-7682B1220414}.Release|Any CPU.ActiveCfg = Release|Any CPU
		{893ECC50-24CE-4E84-BAFB-7682B1220414}.Release|Any CPU.Build.0 = Release|Any CPU
		{198B9B2D-8EF7-42CF-87BD-863CB179587E}.Debug|Any CPU.ActiveCfg = Debug|Any CPU
		{198B9B2D-8EF7-42CF-87BD-863CB179587E}.Debug|Any CPU.Build.0 = Debug|Any CPU
		{198B9B2D-8EF7-42CF-87BD-863CB179587E}.Release|Any CPU.ActiveCfg = Release|Any CPU
		{198B9B2D-8EF7-42CF-87BD-863CB179587E}.Release|Any CPU.Build.0 = Release|Any CPU
		{A4F19838-ABCD-45CC-B478-BFC4AE3A6AC4}.Debug|Any CPU.ActiveCfg = Debug|Any CPU
		{A4F19838-ABCD-45CC-B478-BFC4AE3A6AC4}.Debug|Any CPU.Build.0 = Debug|Any CPU
		{A4F19838-ABCD-45CC-B478-BFC4AE3A6AC4}.Release|Any CPU.ActiveCfg = Release|Any CPU
		{A4F19838-ABCD-45CC-B478-BFC4AE3A6AC4}.Release|Any CPU.Build.0 = Release|Any CPU
		{7D0CDDDF-0964-490D-83DB-AF68D458DB72}.Debug|Any CPU.ActiveCfg = Debug|Any CPU
		{7D0CDDDF-0964-490D-83DB-AF68D458DB72}.Debug|Any CPU.Build.0 = Debug|Any CPU
		{7D0CDDDF-0964-490D-83DB-AF68D458DB72}.Release|Any CPU.ActiveCfg = Release|Any CPU
		{7D0CDDDF-0964-490D-83DB-AF68D458DB72}.Release|Any CPU.Build.0 = Release|Any CPU
		{796259DE-CD3E-4A3B-8D1F-138C09C76FD9}.Debug|Any CPU.ActiveCfg = Debug|Any CPU
		{796259DE-CD3E-4A3B-8D1F-138C09C76FD9}.Debug|Any CPU.Build.0 = Debug|Any CPU
		{796259DE-CD3E-4A3B-8D1F-138C09C76FD9}.Release|Any CPU.ActiveCfg = Release|Any CPU
		{796259DE-CD3E-4A3B-8D1F-138C09C76FD9}.Release|Any CPU.Build.0 = Release|Any CPU
		{E244FDA2-99C2-456A-BC98-FDB067A5C2E2}.Debug|Any CPU.ActiveCfg = Debug|Any CPU
		{E244FDA2-99C2-456A-BC98-FDB067A5C2E2}.Debug|Any CPU.Build.0 = Debug|Any CPU
		{E244FDA2-99C2-456A-BC98-FDB067A5C2E2}.Release|Any CPU.ActiveCfg = Release|Any CPU
		{E244FDA2-99C2-456A-BC98-FDB067A5C2E2}.Release|Any CPU.Build.0 = Release|Any CPU
	EndGlobalSection
	GlobalSection(SolutionProperties) = preSolution
		HideSolutionNode = FALSE
	EndGlobalSection
	GlobalSection(NestedProjects) = preSolution
		{E244FDA2-99C2-456A-BC98-FDB067A5C2E2} = {37629780-001E-4C91-A462-0D9C83E46C3F}
	EndGlobalSection
	GlobalSection(ExtensibilityGlobals) = postSolution
		SolutionGuid = {FAF068B8-F5C5-408E-AC41-AEB908DDCBBF}
	EndGlobalSection
EndGlobal
